
Microsoft Visual Studio Solution File, Format Version 12.00
# Visual Studio 15
VisualStudioVersion = 15.0.28307.572
MinimumVisualStudioVersion = 10.0.40219.1
Project("{FAE04EC0-301F-11D3-BF4B-00C04F79EFBC}") = "NasaProject", "NasaProject\NasaProject.csproj", "{093B95F3-00EE-4CCE-AC0F-FF93B734E566}"
EndProject
Global
	GlobalSection(SolutionConfigurationPlatforms) = preSolution
		Debug|Any CPU = Debug|Any CPU
		Release|Any CPU = Release|Any CPU
	EndGlobalSection
	GlobalSection(ProjectConfigurationPlatforms) = postSolution
		{093B95F3-00EE-4CCE-AC0F-FF93B734E566}.Debug|Any CPU.ActiveCfg = Debug|Any CPU
		{093B95F3-00EE-4CCE-AC0F-FF93B734E566}.Debug|Any CPU.Build.0 = Debug|Any CPU
		{093B95F3-00EE-4CCE-AC0F-FF93B734E566}.Release|Any CPU.ActiveCfg = Release|Any CPU
		{093B95F3-00EE-4CCE-AC0F-FF93B734E566}.Release|Any CPU.Build.0 = Release|Any CPU
	EndGlobalSection
	GlobalSection(SolutionProperties) = preSolution
		HideSolutionNode = FALSE
	EndGlobalSection
	GlobalSection(ExtensibilityGlobals) = postSolution
		SolutionGuid = {389F0DBA-50CD-4DDA-9DF2-51ADCA44ED1C}
	EndGlobalSection
EndGlobal
